
Microsoft Visual Studio Solution File, Format Version 12.00
# Visual Studio Version 17
VisualStudioVersion = 17.6.33829.357
MinimumVisualStudioVersion = 10.0.40219.1
Project("{FAE04EC0-301F-11D3-BF4B-00C04F79EFBC}") = "Calculator", "Calculator\Calculator.csproj", "{E28F9E9A-A72D-4CC5-AA3D-612C003ACBDB}"
EndProject
Global
	GlobalSection(SolutionConfigurationPlatforms) = preSolution
		Debug|Any CPU = Debug|Any CPU
		Release|Any CPU = Release|Any CPU
	EndGlobalSection
	GlobalSection(ProjectConfigurationPlatforms) = postSolution
		{E28F9E9A-A72D-4CC5-AA3D-612C003ACBDB}.Debug|Any CPU.ActiveCfg = Debug|Any CPU
		{E28F9E9A-A72D-4CC5-AA3D-612C003ACBDB}.Debug|Any CPU.Build.0 = Debug|Any CPU
		{E28F9E9A-A72D-4CC5-AA3D-612C003ACBDB}.Release|Any CPU.ActiveCfg = Release|Any CPU
		{E28F9E9A-A72D-4CC5-AA3D-612C003ACBDB}.Release|Any CPU.Build.0 = Release|Any CPU
	EndGlobalSection
	GlobalSection(SolutionProperties) = preSolution
		HideSolutionNode = FALSE
	EndGlobalSection
	GlobalSection(ExtensibilityGlobals) = postSolution
		SolutionGuid = {3628D0DF-F22A-42CA-87DD-350FCE3ADB95}
	EndGlobalSection
EndGlobal
